// !$*UTF8*$!
{
	archiveVersion = 1;
	classes = {
	};
	objectVersion = 51;
	objects = {

/* Begin PBXBuildFile section */
		0D317F84F5ED8A971AC87B70 /* Pods_BilliardsUSATests.framework in Frameworks */ = {isa = PBXBuildFile; fileRef = E132B6F41AEC845E96FAD05C /* Pods_BilliardsUSATests.framework */; };
		1FF3D718673B199A4707076F /* Pods_BilliardsUSA_BilliardsUSAUITests.framework in Frameworks */ = {isa = PBXBuildFile; fileRef = B85525AA5F2331D965B82A63 /* Pods_BilliardsUSA_BilliardsUSAUITests.framework */; };
		375FC3456FE62E95D63DC87F /* Pods_BilliardsUSA.framework in Frameworks */ = {isa = PBXBuildFile; fileRef = 80027EC6540094596CB4E8D1 /* Pods_BilliardsUSA.framework */; };
		B448DA4C2630B462006C290D /* Home.storyboard in Resources */ = {isa = PBXBuildFile; fileRef = B448DA4B2630B462006C290D /* Home.storyboard */; };
		B448DA512630B47D006C290D /* Video.storyboard in Resources */ = {isa = PBXBuildFile; fileRef = B448DA502630B47D006C290D /* Video.storyboard */; };
		B448DA562630B483006C290D /* Account.storyboard in Resources */ = {isa = PBXBuildFile; fileRef = B448DA552630B483006C290D /* Account.storyboard */; };
		B448DA5B2630B4AE006C290D /* AccountViewController.swift in Sources */ = {isa = PBXBuildFile; fileRef = B448DA5A2630B4AE006C290D /* AccountViewController.swift */; };
		B448DA602630B4E3006C290D /* VideoViewController.swift in Sources */ = {isa = PBXBuildFile; fileRef = B448DA5F2630B4E3006C290D /* VideoViewController.swift */; };
		B448DA652630B4FA006C290D /* HomeViewController.swift in Sources */ = {isa = PBXBuildFile; fileRef = B448DA642630B4FA006C290D /* HomeViewController.swift */; };
		B448DA6A2630B615006C290D /* Map.storyboard in Resources */ = {isa = PBXBuildFile; fileRef = B448DA692630B615006C290D /* Map.storyboard */; };
		B458A884263317BE00685258 /* PoolHall.swift in Sources */ = {isa = PBXBuildFile; fileRef = B458A883263317BE00685258 /* PoolHall.swift */; };
		B458A89C26332D8A00685258 /* MapViewController.swift in Sources */ = {isa = PBXBuildFile; fileRef = B458A89B26332D8A00685258 /* MapViewController.swift */; };
		B458A8A626335BCB00685258 /* PoolHalls.json in Resources */ = {isa = PBXBuildFile; fileRef = B458A888263318C600685258 /* PoolHalls.json */; };
		B458A8B12633676100685258 /* StateSearchTableViewCell.swift in Sources */ = {isa = PBXBuildFile; fileRef = B458A8B02633676100685258 /* StateSearchTableViewCell.swift */; };
		B458A8BB26336ACF00685258 /* StateSearchViewController.swift in Sources */ = {isa = PBXBuildFile; fileRef = B458A8BA26336ACF00685258 /* StateSearchViewController.swift */; };
		B458A8CA26336D6500685258 /* PoolHalls.json in Resources */ = {isa = PBXBuildFile; fileRef = B458A888263318C600685258 /* PoolHalls.json */; };
		B458A8CF2633871500685258 /* StateSearch.storyboard in Resources */ = {isa = PBXBuildFile; fileRef = B458A8CE2633871500685258 /* StateSearch.storyboard */; };
		B4B1C81F2603CE44000BDE62 /* CustomLocationManager.swift in Sources */ = {isa = PBXBuildFile; fileRef = B4B1C81E2603CE44000BDE62 /* CustomLocationManager.swift */; };
		B4B1C8242603E58D000BDE62 /* CustomTapGesture.swift in Sources */ = {isa = PBXBuildFile; fileRef = B4B1C8232603E58D000BDE62 /* CustomTapGesture.swift */; };
		B4B1C82926040D93000BDE62 /* TripInfoViewCardController.swift in Sources */ = {isa = PBXBuildFile; fileRef = B4B1C82826040D93000BDE62 /* TripInfoViewCardController.swift */; };
		B4B1C82F26040DD1000BDE62 /* TripInfoView.xib in Resources */ = {isa = PBXBuildFile; fileRef = B4B1C82E26040DD1000BDE62 /* TripInfoView.xib */; };
		B4C2BE3B263214CC00DF1B19 /* YTVideoSectionTableViewCell.swift in Sources */ = {isa = PBXBuildFile; fileRef = B4C2BE3A263214CC00DF1B19 /* YTVideoSectionTableViewCell.swift */; };
		B4DB0D9F26028CBB003D2C54 /* AppDelegate.swift in Sources */ = {isa = PBXBuildFile; fileRef = B4DB0D9E26028CBB003D2C54 /* AppDelegate.swift */; };
		B4DB0DA126028CBB003D2C54 /* SceneDelegate.swift in Sources */ = {isa = PBXBuildFile; fileRef = B4DB0DA026028CBB003D2C54 /* SceneDelegate.swift */; };
		B4DB0DA326028CBB003D2C54 /* ViewController.swift in Sources */ = {isa = PBXBuildFile; fileRef = B4DB0DA226028CBB003D2C54 /* ViewController.swift */; };
		B4DB0DA626028CBB003D2C54 /* Main.storyboard in Resources */ = {isa = PBXBuildFile; fileRef = B4DB0DA426028CBB003D2C54 /* Main.storyboard */; };
		B4DB0DA926028CBB003D2C54 /* BilliardsUSA.xcdatamodeld in Sources */ = {isa = PBXBuildFile; fileRef = B4DB0DA726028CBB003D2C54 /* BilliardsUSA.xcdatamodeld */; };
		B4DB0DAB26028CBB003D2C54 /* Assets.xcassets in Resources */ = {isa = PBXBuildFile; fileRef = B4DB0DAA26028CBB003D2C54 /* Assets.xcassets */; };
		B4DB0DAE26028CBB003D2C54 /* LaunchScreen.storyboard in Resources */ = {isa = PBXBuildFile; fileRef = B4DB0DAC26028CBB003D2C54 /* LaunchScreen.storyboard */; };
		B4DB0DB926028CBC003D2C54 /* BilliardsUSATests.swift in Sources */ = {isa = PBXBuildFile; fileRef = B4DB0DB826028CBC003D2C54 /* BilliardsUSATests.swift */; };
		B4DB0DC426028CBC003D2C54 /* BilliardsUSAUITests.swift in Sources */ = {isa = PBXBuildFile; fileRef = B4DB0DC326028CBC003D2C54 /* BilliardsUSAUITests.swift */; };
		B4DB0DEA260297F5003D2C54 /* Events.json in Resources */ = {isa = PBXBuildFile; fileRef = B4DB0DE9260297F5003D2C54 /* Events.json */; };
		B4DB0DF22602A80A003D2C54 /* PoolHallAnnotation.swift in Sources */ = {isa = PBXBuildFile; fileRef = B4DB0DF12602A80A003D2C54 /* PoolHallAnnotation.swift */; };
/* End PBXBuildFile section */

/* Begin PBXContainerItemProxy section */
		B4DB0DB526028CBC003D2C54 /* PBXContainerItemProxy */ = {
			isa = PBXContainerItemProxy;
			containerPortal = B4DB0D9326028CBB003D2C54 /* Project object */;
			proxyType = 1;
			remoteGlobalIDString = B4DB0D9A26028CBB003D2C54;
			remoteInfo = BilliardsUSA;
		};
		B4DB0DC026028CBC003D2C54 /* PBXContainerItemProxy */ = {
			isa = PBXContainerItemProxy;
			containerPortal = B4DB0D9326028CBB003D2C54 /* Project object */;
			proxyType = 1;
			remoteGlobalIDString = B4DB0D9A26028CBB003D2C54;
			remoteInfo = BilliardsUSA;
		};
/* End PBXContainerItemProxy section */

/* Begin PBXFileReference section */
		2216D7B682DCFCBE94B20FA9 /* Pods-BilliardsUSA.debug.xcconfig */ = {isa = PBXFileReference; includeInIndex = 1; lastKnownFileType = text.xcconfig; name = "Pods-BilliardsUSA.debug.xcconfig"; path = "Target Support Files/Pods-BilliardsUSA/Pods-BilliardsUSA.debug.xcconfig"; sourceTree = "<group>"; };
		2859BE421D8A8C77EF52E5C8 /* Pods-BilliardsUSA-BilliardsUSAUITests.release.xcconfig */ = {isa = PBXFileReference; includeInIndex = 1; lastKnownFileType = text.xcconfig; name = "Pods-BilliardsUSA-BilliardsUSAUITests.release.xcconfig"; path = "Target Support Files/Pods-BilliardsUSA-BilliardsUSAUITests/Pods-BilliardsUSA-BilliardsUSAUITests.release.xcconfig"; sourceTree = "<group>"; };
		5CC3BA25F9B0FC02918AB4DE /* Pods-BilliardsUSATests.release.xcconfig */ = {isa = PBXFileReference; includeInIndex = 1; lastKnownFileType = text.xcconfig; name = "Pods-BilliardsUSATests.release.xcconfig"; path = "Target Support Files/Pods-BilliardsUSATests/Pods-BilliardsUSATests.release.xcconfig"; sourceTree = "<group>"; };
		80027EC6540094596CB4E8D1 /* Pods_BilliardsUSA.framework */ = {isa = PBXFileReference; explicitFileType = wrapper.framework; includeInIndex = 0; path = Pods_BilliardsUSA.framework; sourceTree = BUILT_PRODUCTS_DIR; };
		98F3684FECEEF2BE1EBF8412 /* Pods-BilliardsUSA-BilliardsUSAUITests.debug.xcconfig */ = {isa = PBXFileReference; includeInIndex = 1; lastKnownFileType = text.xcconfig; name = "Pods-BilliardsUSA-BilliardsUSAUITests.debug.xcconfig"; path = "Target Support Files/Pods-BilliardsUSA-BilliardsUSAUITests/Pods-BilliardsUSA-BilliardsUSAUITests.debug.xcconfig"; sourceTree = "<group>"; };
		B448DA4B2630B462006C290D /* Home.storyboard */ = {isa = PBXFileReference; lastKnownFileType = file.storyboard; path = Home.storyboard; sourceTree = "<group>"; };
		B448DA502630B47D006C290D /* Video.storyboard */ = {isa = PBXFileReference; lastKnownFileType = file.storyboard; path = Video.storyboard; sourceTree = "<group>"; };
		B448DA552630B483006C290D /* Account.storyboard */ = {isa = PBXFileReference; lastKnownFileType = file.storyboard; path = Account.storyboard; sourceTree = "<group>"; };
		B448DA5A2630B4AE006C290D /* AccountViewController.swift */ = {isa = PBXFileReference; lastKnownFileType = sourcecode.swift; path = AccountViewController.swift; sourceTree = "<group>"; };
		B448DA5F2630B4E3006C290D /* VideoViewController.swift */ = {isa = PBXFileReference; lastKnownFileType = sourcecode.swift; path = VideoViewController.swift; sourceTree = "<group>"; };
		B448DA642630B4FA006C290D /* HomeViewController.swift */ = {isa = PBXFileReference; lastKnownFileType = sourcecode.swift; path = HomeViewController.swift; sourceTree = "<group>"; };
		B448DA692630B615006C290D /* Map.storyboard */ = {isa = PBXFileReference; lastKnownFileType = file.storyboard; path = Map.storyboard; sourceTree = "<group>"; };
		B458A883263317BE00685258 /* PoolHall.swift */ = {isa = PBXFileReference; lastKnownFileType = sourcecode.swift; path = PoolHall.swift; sourceTree = "<group>"; };
		B458A888263318C600685258 /* PoolHalls.json */ = {isa = PBXFileReference; lastKnownFileType = text.json; path = PoolHalls.json; sourceTree = "<group>"; };
		B458A89B26332D8A00685258 /* MapViewController.swift */ = {isa = PBXFileReference; lastKnownFileType = sourcecode.swift; path = MapViewController.swift; sourceTree = "<group>"; };
		B458A8B02633676100685258 /* StateSearchTableViewCell.swift */ = {isa = PBXFileReference; lastKnownFileType = sourcecode.swift; path = StateSearchTableViewCell.swift; sourceTree = "<group>"; };
		B458A8BA26336ACF00685258 /* StateSearchViewController.swift */ = {isa = PBXFileReference; lastKnownFileType = sourcecode.swift; path = StateSearchViewController.swift; sourceTree = "<group>"; };
		B458A8CE2633871500685258 /* StateSearch.storyboard */ = {isa = PBXFileReference; lastKnownFileType = file.storyboard; path = StateSearch.storyboard; sourceTree = "<group>"; };
		B4B1C81E2603CE44000BDE62 /* CustomLocationManager.swift */ = {isa = PBXFileReference; lastKnownFileType = sourcecode.swift; path = CustomLocationManager.swift; sourceTree = "<group>"; };
		B4B1C8232603E58D000BDE62 /* CustomTapGesture.swift */ = {isa = PBXFileReference; lastKnownFileType = sourcecode.swift; path = CustomTapGesture.swift; sourceTree = "<group>"; };
		B4B1C82826040D93000BDE62 /* TripInfoViewCardController.swift */ = {isa = PBXFileReference; lastKnownFileType = sourcecode.swift; path = TripInfoViewCardController.swift; sourceTree = "<group>"; };
		B4B1C82E26040DD1000BDE62 /* TripInfoView.xib */ = {isa = PBXFileReference; lastKnownFileType = file.xib; path = TripInfoView.xib; sourceTree = "<group>"; };
		B4C2BE3A263214CC00DF1B19 /* YTVideoSectionTableViewCell.swift */ = {isa = PBXFileReference; lastKnownFileType = sourcecode.swift; path = YTVideoSectionTableViewCell.swift; sourceTree = "<group>"; };
		B4DB0D9B26028CBB003D2C54 /* BilliardsUSA.app */ = {isa = PBXFileReference; explicitFileType = wrapper.application; includeInIndex = 0; path = BilliardsUSA.app; sourceTree = BUILT_PRODUCTS_DIR; };
		B4DB0D9E26028CBB003D2C54 /* AppDelegate.swift */ = {isa = PBXFileReference; lastKnownFileType = sourcecode.swift; path = AppDelegate.swift; sourceTree = "<group>"; };
		B4DB0DA026028CBB003D2C54 /* SceneDelegate.swift */ = {isa = PBXFileReference; lastKnownFileType = sourcecode.swift; path = SceneDelegate.swift; sourceTree = "<group>"; };
		B4DB0DA226028CBB003D2C54 /* ViewController.swift */ = {isa = PBXFileReference; lastKnownFileType = sourcecode.swift; path = ViewController.swift; sourceTree = "<group>"; };
		B4DB0DA526028CBB003D2C54 /* Base */ = {isa = PBXFileReference; lastKnownFileType = file.storyboard; name = Base; path = Base.lproj/Main.storyboard; sourceTree = "<group>"; };
		B4DB0DA826028CBB003D2C54 /* BilliardsUSA.xcdatamodel */ = {isa = PBXFileReference; lastKnownFileType = wrapper.xcdatamodel; path = BilliardsUSA.xcdatamodel; sourceTree = "<group>"; };
		B4DB0DAA26028CBB003D2C54 /* Assets.xcassets */ = {isa = PBXFileReference; lastKnownFileType = folder.assetcatalog; path = Assets.xcassets; sourceTree = "<group>"; };
		B4DB0DAD26028CBB003D2C54 /* Base */ = {isa = PBXFileReference; lastKnownFileType = file.storyboard; name = Base; path = Base.lproj/LaunchScreen.storyboard; sourceTree = "<group>"; };
		B4DB0DAF26028CBB003D2C54 /* Info.plist */ = {isa = PBXFileReference; lastKnownFileType = text.plist.xml; path = Info.plist; sourceTree = "<group>"; };
		B4DB0DB426028CBC003D2C54 /* BilliardsUSATests.xctest */ = {isa = PBXFileReference; explicitFileType = wrapper.cfbundle; includeInIndex = 0; path = BilliardsUSATests.xctest; sourceTree = BUILT_PRODUCTS_DIR; };
		B4DB0DB826028CBC003D2C54 /* BilliardsUSATests.swift */ = {isa = PBXFileReference; lastKnownFileType = sourcecode.swift; path = BilliardsUSATests.swift; sourceTree = "<group>"; };
		B4DB0DBA26028CBC003D2C54 /* Info.plist */ = {isa = PBXFileReference; lastKnownFileType = text.plist.xml; path = Info.plist; sourceTree = "<group>"; };
		B4DB0DBF26028CBC003D2C54 /* BilliardsUSAUITests.xctest */ = {isa = PBXFileReference; explicitFileType = wrapper.cfbundle; includeInIndex = 0; path = BilliardsUSAUITests.xctest; sourceTree = BUILT_PRODUCTS_DIR; };
		B4DB0DC326028CBC003D2C54 /* BilliardsUSAUITests.swift */ = {isa = PBXFileReference; lastKnownFileType = sourcecode.swift; path = BilliardsUSAUITests.swift; sourceTree = "<group>"; };
		B4DB0DC526028CBC003D2C54 /* Info.plist */ = {isa = PBXFileReference; lastKnownFileType = text.plist.xml; path = Info.plist; sourceTree = "<group>"; };
		B4DB0DE9260297F5003D2C54 /* Events.json */ = {isa = PBXFileReference; lastKnownFileType = text.json; path = Events.json; sourceTree = "<group>"; };
		B4DB0DF12602A80A003D2C54 /* PoolHallAnnotation.swift */ = {isa = PBXFileReference; lastKnownFileType = sourcecode.swift; path = PoolHallAnnotation.swift; sourceTree = "<group>"; };
		B85525AA5F2331D965B82A63 /* Pods_BilliardsUSA_BilliardsUSAUITests.framework */ = {isa = PBXFileReference; explicitFileType = wrapper.framework; includeInIndex = 0; path = Pods_BilliardsUSA_BilliardsUSAUITests.framework; sourceTree = BUILT_PRODUCTS_DIR; };
		C9543A6E0AA7F7FFCB9B8169 /* Pods-BilliardsUSATests.debug.xcconfig */ = {isa = PBXFileReference; includeInIndex = 1; lastKnownFileType = text.xcconfig; name = "Pods-BilliardsUSATests.debug.xcconfig"; path = "Target Support Files/Pods-BilliardsUSATests/Pods-BilliardsUSATests.debug.xcconfig"; sourceTree = "<group>"; };
		DED7FEA2ABA45CD7485C997D /* Pods-BilliardsUSA.release.xcconfig */ = {isa = PBXFileReference; includeInIndex = 1; lastKnownFileType = text.xcconfig; name = "Pods-BilliardsUSA.release.xcconfig"; path = "Target Support Files/Pods-BilliardsUSA/Pods-BilliardsUSA.release.xcconfig"; sourceTree = "<group>"; };
		E132B6F41AEC845E96FAD05C /* Pods_BilliardsUSATests.framework */ = {isa = PBXFileReference; explicitFileType = wrapper.framework; includeInIndex = 0; path = Pods_BilliardsUSATests.framework; sourceTree = BUILT_PRODUCTS_DIR; };
/* End PBXFileReference section */

/* Begin PBXFrameworksBuildPhase section */
		B4DB0D9826028CBB003D2C54 /* Frameworks */ = {
			isa = PBXFrameworksBuildPhase;
			buildActionMask = 2147483647;
			files = (
				375FC3456FE62E95D63DC87F /* Pods_BilliardsUSA.framework in Frameworks */,
			);
			runOnlyForDeploymentPostprocessing = 0;
		};
		B4DB0DB126028CBC003D2C54 /* Frameworks */ = {
			isa = PBXFrameworksBuildPhase;
			buildActionMask = 2147483647;
			files = (
				0D317F84F5ED8A971AC87B70 /* Pods_BilliardsUSATests.framework in Frameworks */,
			);
			runOnlyForDeploymentPostprocessing = 0;
		};
		B4DB0DBC26028CBC003D2C54 /* Frameworks */ = {
			isa = PBXFrameworksBuildPhase;
			buildActionMask = 2147483647;
			files = (
				1FF3D718673B199A4707076F /* Pods_BilliardsUSA_BilliardsUSAUITests.framework in Frameworks */,
			);
			runOnlyForDeploymentPostprocessing = 0;
		};
/* End PBXFrameworksBuildPhase section */

/* Begin PBXGroup section */
		8171120FCCDD495EDEB7E8E9 /* Pods */ = {
			isa = PBXGroup;
			children = (
				2216D7B682DCFCBE94B20FA9 /* Pods-BilliardsUSA.debug.xcconfig */,
				DED7FEA2ABA45CD7485C997D /* Pods-BilliardsUSA.release.xcconfig */,
				98F3684FECEEF2BE1EBF8412 /* Pods-BilliardsUSA-BilliardsUSAUITests.debug.xcconfig */,
				2859BE421D8A8C77EF52E5C8 /* Pods-BilliardsUSA-BilliardsUSAUITests.release.xcconfig */,
				C9543A6E0AA7F7FFCB9B8169 /* Pods-BilliardsUSATests.debug.xcconfig */,
				5CC3BA25F9B0FC02918AB4DE /* Pods-BilliardsUSATests.release.xcconfig */,
			);
			path = Pods;
			sourceTree = "<group>";
		};
		A5CBF1D02D9B5408BA770C59 /* Frameworks */ = {
			isa = PBXGroup;
			children = (
				80027EC6540094596CB4E8D1 /* Pods_BilliardsUSA.framework */,
				B85525AA5F2331D965B82A63 /* Pods_BilliardsUSA_BilliardsUSAUITests.framework */,
				E132B6F41AEC845E96FAD05C /* Pods_BilliardsUSATests.framework */,
			);
			name = Frameworks;
			sourceTree = "<group>";
		};
		B448DA482630B425006C290D /* Home Scene */ = {
			isa = PBXGroup;
			children = (
				B448DA4B2630B462006C290D /* Home.storyboard */,
				B448DA642630B4FA006C290D /* HomeViewController.swift */,
			);
			path = "Home Scene";
			sourceTree = "<group>";
		};
		B448DA492630B434006C290D /* Video Scene */ = {
			isa = PBXGroup;
			children = (
				B448DA502630B47D006C290D /* Video.storyboard */,
				B448DA5F2630B4E3006C290D /* VideoViewController.swift */,
				B4C2BE3A263214CC00DF1B19 /* YTVideoSectionTableViewCell.swift */,
			);
			path = "Video Scene";
			sourceTree = "<group>";
		};
		B448DA4A2630B448006C290D /* Account Scene */ = {
			isa = PBXGroup;
			children = (
				B448DA552630B483006C290D /* Account.storyboard */,
				B448DA5A2630B4AE006C290D /* AccountViewController.swift */,
			);
			path = "Account Scene";
			sourceTree = "<group>";
		};
		B44F814A260417BA0074EAF0 /* DirectionTableViewCell */ = {
			isa = PBXGroup;
			children = (
			);
			path = DirectionTableViewCell;
			sourceTree = "<group>";
		};
		B458A8B826336A9500685258 /* Map */ = {
			isa = PBXGroup;
			children = (
				B458A89B26332D8A00685258 /* MapViewController.swift */,
				B448DA692630B615006C290D /* Map.storyboard */,
			);
			path = Map;
			sourceTree = "<group>";
		};
		B458A8B926336AA800685258 /* State Search Scene */ = {
			isa = PBXGroup;
			children = (
				B458A8BA26336ACF00685258 /* StateSearchViewController.swift */,
				B458A8CE2633871500685258 /* StateSearch.storyboard */,
			);
			path = "State Search Scene";
			sourceTree = "<group>";
		};
		B4B1C82D26040DBA000BDE62 /* TripInfo */ = {
			isa = PBXGroup;
			children = (
				B44F814A260417BA0074EAF0 /* DirectionTableViewCell */,
				B4B1C82826040D93000BDE62 /* TripInfoViewCardController.swift */,
				B4B1C82E26040DD1000BDE62 /* TripInfoView.xib */,
			);
			path = TripInfo;
			sourceTree = "<group>";
		};
		B4DB0D9226028CBB003D2C54 = {
			isa = PBXGroup;
			children = (
				B4DB0D9D26028CBB003D2C54 /* BilliardsUSA */,
				B4DB0DB726028CBC003D2C54 /* BilliardsUSATests */,
				B4DB0DC226028CBC003D2C54 /* BilliardsUSAUITests */,
				B4DB0D9C26028CBB003D2C54 /* Products */,
				8171120FCCDD495EDEB7E8E9 /* Pods */,
				A5CBF1D02D9B5408BA770C59 /* Frameworks */,
			);
			sourceTree = "<group>";
		};
		B4DB0D9C26028CBB003D2C54 /* Products */ = {
			isa = PBXGroup;
			children = (
				B4DB0D9B26028CBB003D2C54 /* BilliardsUSA.app */,
				B4DB0DB426028CBC003D2C54 /* BilliardsUSATests.xctest */,
				B4DB0DBF26028CBC003D2C54 /* BilliardsUSAUITests.xctest */,
			);
			name = Products;
			sourceTree = "<group>";
		};
		B4DB0D9D26028CBB003D2C54 /* BilliardsUSA */ = {
			isa = PBXGroup;
			children = (
				B448DA4A2630B448006C290D /* Account Scene */,
				B448DA492630B434006C290D /* Video Scene */,
				B448DA482630B425006C290D /* Home Scene */,
				B4DB0DE82602978A003D2C54 /* Mock Data */,
				B4DB0DD42602916F003D2C54 /* Map Scene */,
				B4DB0D9E26028CBB003D2C54 /* AppDelegate.swift */,
				B4DB0DA026028CBB003D2C54 /* SceneDelegate.swift */,
				B4DB0DA226028CBB003D2C54 /* ViewController.swift */,
				B4DB0DA426028CBB003D2C54 /* Main.storyboard */,
				B4DB0DAA26028CBB003D2C54 /* Assets.xcassets */,
				B4DB0DAC26028CBB003D2C54 /* LaunchScreen.storyboard */,
				B4DB0DAF26028CBB003D2C54 /* Info.plist */,
				B4DB0DA726028CBB003D2C54 /* BilliardsUSA.xcdatamodeld */,
			);
			path = BilliardsUSA;
			sourceTree = "<group>";
		};
		B4DB0DB726028CBC003D2C54 /* BilliardsUSATests */ = {
			isa = PBXGroup;
			children = (
				B4DB0DB826028CBC003D2C54 /* BilliardsUSATests.swift */,
				B458A888263318C600685258 /* PoolHalls.json */,
				B4DB0DE9260297F5003D2C54 /* Events.json */,
				B4DB0DBA26028CBC003D2C54 /* Info.plist */,
			);
			path = BilliardsUSATests;
			sourceTree = "<group>";
		};
		B4DB0DC226028CBC003D2C54 /* BilliardsUSAUITests */ = {
			isa = PBXGroup;
			children = (
				B4DB0DC326028CBC003D2C54 /* BilliardsUSAUITests.swift */,
				B4DB0DC526028CBC003D2C54 /* Info.plist */,
			);
			path = BilliardsUSAUITests;
			sourceTree = "<group>";
		};
		B4DB0DD42602916F003D2C54 /* Map Scene */ = {
			isa = PBXGroup;
			children = (
				B458A8B926336AA800685258 /* State Search Scene */,
				B458A8B826336A9500685258 /* Map */,
				B4B1C82D26040DBA000BDE62 /* TripInfo */,
				B4DB0DFE2602B2E5003D2C54 /* Pool Hall Annotation */,
				B458A8B02633676100685258 /* StateSearchTableViewCell.swift */,
				B458A883263317BE00685258 /* PoolHall.swift */,
			);
			path = "Map Scene";
			sourceTree = "<group>";
		};
		B4DB0DE82602978A003D2C54 /* Mock Data */ = {
			isa = PBXGroup;
			children = (
			);
			path = "Mock Data";
			sourceTree = "<group>";
		};
		B4DB0DFE2602B2E5003D2C54 /* Pool Hall Annotation */ = {
			isa = PBXGroup;
			children = (
				B4DB0DF12602A80A003D2C54 /* PoolHallAnnotation.swift */,
				B4B1C81E2603CE44000BDE62 /* CustomLocationManager.swift */,
				B4B1C8232603E58D000BDE62 /* CustomTapGesture.swift */,
			);
			path = "Pool Hall Annotation";
			sourceTree = "<group>";
		};
/* End PBXGroup section */

/* Begin PBXNativeTarget section */
		B4DB0D9A26028CBB003D2C54 /* BilliardsUSA */ = {
			isa = PBXNativeTarget;
			buildConfigurationList = B4DB0DC826028CBC003D2C54 /* Build configuration list for PBXNativeTarget "BilliardsUSA" */;
			buildPhases = (
				851DC1F057A1B43A5F7A6005 /* [CP] Check Pods Manifest.lock */,
				B4DB0D9726028CBB003D2C54 /* Sources */,
				B4DB0D9826028CBB003D2C54 /* Frameworks */,
				B4DB0D9926028CBB003D2C54 /* Resources */,
				952C2260606CDFF71C9A6457 /* [CP] Embed Pods Frameworks */,
			);
			buildRules = (
			);
			dependencies = (
			);
			name = BilliardsUSA;
			productName = BilliardsUSA;
			productReference = B4DB0D9B26028CBB003D2C54 /* BilliardsUSA.app */;
			productType = "com.apple.product-type.application";
		};
		B4DB0DB326028CBC003D2C54 /* BilliardsUSATests */ = {
			isa = PBXNativeTarget;
			buildConfigurationList = B4DB0DCB26028CBC003D2C54 /* Build configuration list for PBXNativeTarget "BilliardsUSATests" */;
			buildPhases = (
				AF5BB26BA7B69B0E26BB6517 /* [CP] Check Pods Manifest.lock */,
				B4DB0DB026028CBC003D2C54 /* Sources */,
				B4DB0DB126028CBC003D2C54 /* Frameworks */,
				B4DB0DB226028CBC003D2C54 /* Resources */,
			);
			buildRules = (
			);
			dependencies = (
				B4DB0DB626028CBC003D2C54 /* PBXTargetDependency */,
			);
			name = BilliardsUSATests;
			productName = BilliardsUSATests;
			productReference = B4DB0DB426028CBC003D2C54 /* BilliardsUSATests.xctest */;
			productType = "com.apple.product-type.bundle.unit-test";
		};
		B4DB0DBE26028CBC003D2C54 /* BilliardsUSAUITests */ = {
			isa = PBXNativeTarget;
			buildConfigurationList = B4DB0DCE26028CBC003D2C54 /* Build configuration list for PBXNativeTarget "BilliardsUSAUITests" */;
			buildPhases = (
				50F6093965B8D6AF5B5A05A4 /* [CP] Check Pods Manifest.lock */,
				B4DB0DBB26028CBC003D2C54 /* Sources */,
				B4DB0DBC26028CBC003D2C54 /* Frameworks */,
				B4DB0DBD26028CBC003D2C54 /* Resources */,
				84BEE07AC95DA932B07BE68F /* [CP] Embed Pods Frameworks */,
			);
			buildRules = (
			);
			dependencies = (
				B4DB0DC126028CBC003D2C54 /* PBXTargetDependency */,
			);
			name = BilliardsUSAUITests;
			productName = BilliardsUSAUITests;
			productReference = B4DB0DBF26028CBC003D2C54 /* BilliardsUSAUITests.xctest */;
			productType = "com.apple.product-type.bundle.ui-testing";
		};
/* End PBXNativeTarget section */

/* Begin PBXProject section */
		B4DB0D9326028CBB003D2C54 /* Project object */ = {
			isa = PBXProject;
			attributes = {
				LastSwiftUpdateCheck = 1240;
				LastUpgradeCheck = 1240;
				TargetAttributes = {
					B4DB0D9A26028CBB003D2C54 = {
						CreatedOnToolsVersion = 12.4;
					};
					B4DB0DB326028CBC003D2C54 = {
						CreatedOnToolsVersion = 12.4;
						TestTargetID = B4DB0D9A26028CBB003D2C54;
					};
					B4DB0DBE26028CBC003D2C54 = {
						CreatedOnToolsVersion = 12.4;
						TestTargetID = B4DB0D9A26028CBB003D2C54;
					};
				};
			};
			buildConfigurationList = B4DB0D9626028CBB003D2C54 /* Build configuration list for PBXProject "BilliardsUSA" */;
			compatibilityVersion = "Xcode 9.3";
			developmentRegion = en;
			hasScannedForEncodings = 0;
			knownRegions = (
				en,
				Base,
			);
			mainGroup = B4DB0D9226028CBB003D2C54;
			productRefGroup = B4DB0D9C26028CBB003D2C54 /* Products */;
			projectDirPath = "";
			projectRoot = "";
			targets = (
				B4DB0D9A26028CBB003D2C54 /* BilliardsUSA */,
				B4DB0DB326028CBC003D2C54 /* BilliardsUSATests */,
				B4DB0DBE26028CBC003D2C54 /* BilliardsUSAUITests */,
			);
		};
/* End PBXProject section */

/* Begin PBXResourcesBuildPhase section */
		B4DB0D9926028CBB003D2C54 /* Resources */ = {
			isa = PBXResourcesBuildPhase;
			buildActionMask = 2147483647;
			files = (
				B448DA4C2630B462006C290D /* Home.storyboard in Resources */,
				B4DB0DAE26028CBB003D2C54 /* LaunchScreen.storyboard in Resources */,
				B458A8CF2633871500685258 /* StateSearch.storyboard in Resources */,
				B458A8CA26336D6500685258 /* PoolHalls.json in Resources */,
				B4DB0DAB26028CBB003D2C54 /* Assets.xcassets in Resources */,
				B4DB0DEA260297F5003D2C54 /* Events.json in Resources */,
				B4B1C82F26040DD1000BDE62 /* TripInfoView.xib in Resources */,
				B448DA512630B47D006C290D /* Video.storyboard in Resources */,
				B448DA6A2630B615006C290D /* Map.storyboard in Resources */,
				B448DA562630B483006C290D /* Account.storyboard in Resources */,
				B4DB0DA626028CBB003D2C54 /* Main.storyboard in Resources */,
			);
			runOnlyForDeploymentPostprocessing = 0;
		};
		B4DB0DB226028CBC003D2C54 /* Resources */ = {
			isa = PBXResourcesBuildPhase;
			buildActionMask = 2147483647;
			files = (
				B458A8A626335BCB00685258 /* PoolHalls.json in Resources */,
			);
			runOnlyForDeploymentPostprocessing = 0;
		};
		B4DB0DBD26028CBC003D2C54 /* Resources */ = {
			isa = PBXResourcesBuildPhase;
			buildActionMask = 2147483647;
			files = (
			);
			runOnlyForDeploymentPostprocessing = 0;
		};
/* End PBXResourcesBuildPhase section */

/* Begin PBXShellScriptBuildPhase section */
		50F6093965B8D6AF5B5A05A4 /* [CP] Check Pods Manifest.lock */ = {
			isa = PBXShellScriptBuildPhase;
			buildActionMask = 2147483647;
			files = (
			);
			inputFileListPaths = (
			);
			inputPaths = (
				"${PODS_PODFILE_DIR_PATH}/Podfile.lock",
				"${PODS_ROOT}/Manifest.lock",
			);
			name = "[CP] Check Pods Manifest.lock";
			outputFileListPaths = (
			);
			outputPaths = (
				"$(DERIVED_FILE_DIR)/Pods-BilliardsUSA-BilliardsUSAUITests-checkManifestLockResult.txt",
			);
			runOnlyForDeploymentPostprocessing = 0;
			shellPath = /bin/sh;
			shellScript = "diff \"${PODS_PODFILE_DIR_PATH}/Podfile.lock\" \"${PODS_ROOT}/Manifest.lock\" > /dev/null\nif [ $? != 0 ] ; then\n    # print error to STDERR\n    echo \"error: The sandbox is not in sync with the Podfile.lock. Run 'pod install' or update your CocoaPods installation.\" >&2\n    exit 1\nfi\n# This output is used by Xcode 'outputs' to avoid re-running this script phase.\necho \"SUCCESS\" > \"${SCRIPT_OUTPUT_FILE_0}\"\n";
			showEnvVarsInLog = 0;
		};
		84BEE07AC95DA932B07BE68F /* [CP] Embed Pods Frameworks */ = {
			isa = PBXShellScriptBuildPhase;
			buildActionMask = 2147483647;
			files = (
			);
			inputFileListPaths = (
				"${PODS_ROOT}/Target Support Files/Pods-BilliardsUSA-BilliardsUSAUITests/Pods-BilliardsUSA-BilliardsUSAUITests-frameworks-${CONFIGURATION}-input-files.xcfilelist",
			);
			name = "[CP] Embed Pods Frameworks";
			outputFileListPaths = (
				"${PODS_ROOT}/Target Support Files/Pods-BilliardsUSA-BilliardsUSAUITests/Pods-BilliardsUSA-BilliardsUSAUITests-frameworks-${CONFIGURATION}-output-files.xcfilelist",
			);
			runOnlyForDeploymentPostprocessing = 0;
			shellPath = /bin/sh;
			shellScript = "\"${PODS_ROOT}/Target Support Files/Pods-BilliardsUSA-BilliardsUSAUITests/Pods-BilliardsUSA-BilliardsUSAUITests-frameworks.sh\"\n";
			showEnvVarsInLog = 0;
		};
		851DC1F057A1B43A5F7A6005 /* [CP] Check Pods Manifest.lock */ = {
			isa = PBXShellScriptBuildPhase;
			buildActionMask = 2147483647;
			files = (
			);
			inputFileListPaths = (
			);
			inputPaths = (
				"${PODS_PODFILE_DIR_PATH}/Podfile.lock",
				"${PODS_ROOT}/Manifest.lock",
			);
			name = "[CP] Check Pods Manifest.lock";
			outputFileListPaths = (
			);
			outputPaths = (
				"$(DERIVED_FILE_DIR)/Pods-BilliardsUSA-checkManifestLockResult.txt",
			);
			runOnlyForDeploymentPostprocessing = 0;
			shellPath = /bin/sh;
			shellScript = "diff \"${PODS_PODFILE_DIR_PATH}/Podfile.lock\" \"${PODS_ROOT}/Manifest.lock\" > /dev/null\nif [ $? != 0 ] ; then\n    # print error to STDERR\n    echo \"error: The sandbox is not in sync with the Podfile.lock. Run 'pod install' or update your CocoaPods installation.\" >&2\n    exit 1\nfi\n# This output is used by Xcode 'outputs' to avoid re-running this script phase.\necho \"SUCCESS\" > \"${SCRIPT_OUTPUT_FILE_0}\"\n";
			showEnvVarsInLog = 0;
		};
		952C2260606CDFF71C9A6457 /* [CP] Embed Pods Frameworks */ = {
			isa = PBXShellScriptBuildPhase;
			buildActionMask = 2147483647;
			files = (
			);
			inputFileListPaths = (
				"${PODS_ROOT}/Target Support Files/Pods-BilliardsUSA/Pods-BilliardsUSA-frameworks-${CONFIGURATION}-input-files.xcfilelist",
			);
			name = "[CP] Embed Pods Frameworks";
			outputFileListPaths = (
				"${PODS_ROOT}/Target Support Files/Pods-BilliardsUSA/Pods-BilliardsUSA-frameworks-${CONFIGURATION}-output-files.xcfilelist",
			);
			runOnlyForDeploymentPostprocessing = 0;
			shellPath = /bin/sh;
			shellScript = "\"${PODS_ROOT}/Target Support Files/Pods-BilliardsUSA/Pods-BilliardsUSA-frameworks.sh\"\n";
			showEnvVarsInLog = 0;
		};
		AF5BB26BA7B69B0E26BB6517 /* [CP] Check Pods Manifest.lock */ = {
			isa = PBXShellScriptBuildPhase;
			buildActionMask = 2147483647;
			files = (
			);
			inputFileListPaths = (
			);
			inputPaths = (
				"${PODS_PODFILE_DIR_PATH}/Podfile.lock",
				"${PODS_ROOT}/Manifest.lock",
			);
			name = "[CP] Check Pods Manifest.lock";
			outputFileListPaths = (
			);
			outputPaths = (
				"$(DERIVED_FILE_DIR)/Pods-BilliardsUSATests-checkManifestLockResult.txt",
			);
			runOnlyForDeploymentPostprocessing = 0;
			shellPath = /bin/sh;
			shellScript = "diff \"${PODS_PODFILE_DIR_PATH}/Podfile.lock\" \"${PODS_ROOT}/Manifest.lock\" > /dev/null\nif [ $? != 0 ] ; then\n    # print error to STDERR\n    echo \"error: The sandbox is not in sync with the Podfile.lock. Run 'pod install' or update your CocoaPods installation.\" >&2\n    exit 1\nfi\n# This output is used by Xcode 'outputs' to avoid re-running this script phase.\necho \"SUCCESS\" > \"${SCRIPT_OUTPUT_FILE_0}\"\n";
			showEnvVarsInLog = 0;
		};
/* End PBXShellScriptBuildPhase section */

/* Begin PBXSourcesBuildPhase section */
		B4DB0D9726028CBB003D2C54 /* Sources */ = {
			isa = PBXSourcesBuildPhase;
			buildActionMask = 2147483647;
			files = (
				B458A8BB26336ACF00685258 /* StateSearchViewController.swift in Sources */,
				B4DB0DA926028CBB003D2C54 /* BilliardsUSA.xcdatamodeld in Sources */,
				B4B1C82926040D93000BDE62 /* TripInfoViewCardController.swift in Sources */,
				B448DA602630B4E3006C290D /* VideoViewController.swift in Sources */,
				B458A8B12633676100685258 /* StateSearchTableViewCell.swift in Sources */,
				B4DB0DF22602A80A003D2C54 /* PoolHallAnnotation.swift in Sources */,
				B4B1C8242603E58D000BDE62 /* CustomTapGesture.swift in Sources */,
				B4DB0DA326028CBB003D2C54 /* ViewController.swift in Sources */,
				B4DB0D9F26028CBB003D2C54 /* AppDelegate.swift in Sources */,
				B4B1C81F2603CE44000BDE62 /* CustomLocationManager.swift in Sources */,
				B4C2BE3B263214CC00DF1B19 /* YTVideoSectionTableViewCell.swift in Sources */,
				B4DB0DA126028CBB003D2C54 /* SceneDelegate.swift in Sources */,
				B458A89C26332D8A00685258 /* MapViewController.swift in Sources */,
				B458A884263317BE00685258 /* PoolHall.swift in Sources */,
				B448DA652630B4FA006C290D /* HomeViewController.swift in Sources */,
				B448DA5B2630B4AE006C290D /* AccountViewController.swift in Sources */,
			);
			runOnlyForDeploymentPostprocessing = 0;
		};
		B4DB0DB026028CBC003D2C54 /* Sources */ = {
			isa = PBXSourcesBuildPhase;
			buildActionMask = 2147483647;
			files = (
				B4DB0DB926028CBC003D2C54 /* BilliardsUSATests.swift in Sources */,
			);
			runOnlyForDeploymentPostprocessing = 0;
		};
		B4DB0DBB26028CBC003D2C54 /* Sources */ = {
			isa = PBXSourcesBuildPhase;
			buildActionMask = 2147483647;
			files = (
				B4DB0DC426028CBC003D2C54 /* BilliardsUSAUITests.swift in Sources */,
			);
			runOnlyForDeploymentPostprocessing = 0;
		};
/* End PBXSourcesBuildPhase section */

/* Begin PBXTargetDependency section */
		B4DB0DB626028CBC003D2C54 /* PBXTargetDependency */ = {
			isa = PBXTargetDependency;
			target = B4DB0D9A26028CBB003D2C54 /* BilliardsUSA */;
			targetProxy = B4DB0DB526028CBC003D2C54 /* PBXContainerItemProxy */;
		};
		B4DB0DC126028CBC003D2C54 /* PBXTargetDependency */ = {
			isa = PBXTargetDependency;
			target = B4DB0D9A26028CBB003D2C54 /* BilliardsUSA */;
			targetProxy = B4DB0DC026028CBC003D2C54 /* PBXContainerItemProxy */;
		};
/* End PBXTargetDependency section */

/* Begin PBXVariantGroup section */
		B4DB0DA426028CBB003D2C54 /* Main.storyboard */ = {
			isa = PBXVariantGroup;
			children = (
				B4DB0DA526028CBB003D2C54 /* Base */,
			);
			name = Main.storyboard;
			sourceTree = "<group>";
		};
		B4DB0DAC26028CBB003D2C54 /* LaunchScreen.storyboard */ = {
			isa = PBXVariantGroup;
			children = (
				B4DB0DAD26028CBB003D2C54 /* Base */,
			);
			name = LaunchScreen.storyboard;
			sourceTree = "<group>";
		};
/* End PBXVariantGroup section */

/* Begin XCBuildConfiguration section */
		B4DB0DC626028CBC003D2C54 /* Debug */ = {
			isa = XCBuildConfiguration;
			buildSettings = {
				ALWAYS_SEARCH_USER_PATHS = NO;
				CLANG_ANALYZER_NONNULL = YES;
				CLANG_ANALYZER_NUMBER_OBJECT_CONVERSION = YES_AGGRESSIVE;
				CLANG_CXX_LANGUAGE_STANDARD = "gnu++14";
				CLANG_CXX_LIBRARY = "libc++";
				CLANG_ENABLE_MODULES = YES;
				CLANG_ENABLE_OBJC_ARC = YES;
				CLANG_ENABLE_OBJC_WEAK = YES;
				CLANG_WARN_BLOCK_CAPTURE_AUTORELEASING = YES;
				CLANG_WARN_BOOL_CONVERSION = YES;
				CLANG_WARN_COMMA = YES;
				CLANG_WARN_CONSTANT_CONVERSION = YES;
				CLANG_WARN_DEPRECATED_OBJC_IMPLEMENTATIONS = YES;
				CLANG_WARN_DIRECT_OBJC_ISA_USAGE = YES_ERROR;
				CLANG_WARN_DOCUMENTATION_COMMENTS = YES;
				CLANG_WARN_EMPTY_BODY = YES;
				CLANG_WARN_ENUM_CONVERSION = YES;
				CLANG_WARN_INFINITE_RECURSION = YES;
				CLANG_WARN_INT_CONVERSION = YES;
				CLANG_WARN_NON_LITERAL_NULL_CONVERSION = YES;
				CLANG_WARN_OBJC_IMPLICIT_RETAIN_SELF = YES;
				CLANG_WARN_OBJC_LITERAL_CONVERSION = YES;
				CLANG_WARN_OBJC_ROOT_CLASS = YES_ERROR;
				CLANG_WARN_QUOTED_INCLUDE_IN_FRAMEWORK_HEADER = YES;
				CLANG_WARN_RANGE_LOOP_ANALYSIS = YES;
				CLANG_WARN_STRICT_PROTOTYPES = YES;
				CLANG_WARN_SUSPICIOUS_MOVE = YES;
				CLANG_WARN_UNGUARDED_AVAILABILITY = YES_AGGRESSIVE;
				CLANG_WARN_UNREACHABLE_CODE = YES;
				CLANG_WARN__DUPLICATE_METHOD_MATCH = YES;
				COPY_PHASE_STRIP = NO;
				DEBUG_INFORMATION_FORMAT = dwarf;
				ENABLE_STRICT_OBJC_MSGSEND = YES;
				ENABLE_TESTABILITY = YES;
				GCC_C_LANGUAGE_STANDARD = gnu11;
				GCC_DYNAMIC_NO_PIC = NO;
				GCC_NO_COMMON_BLOCKS = YES;
				GCC_OPTIMIZATION_LEVEL = 0;
				GCC_PREPROCESSOR_DEFINITIONS = (
					"DEBUG=1",
					"$(inherited)",
				);
				GCC_WARN_64_TO_32_BIT_CONVERSION = YES;
				GCC_WARN_ABOUT_RETURN_TYPE = YES_ERROR;
				GCC_WARN_UNDECLARED_SELECTOR = YES;
				GCC_WARN_UNINITIALIZED_AUTOS = YES_AGGRESSIVE;
				GCC_WARN_UNUSED_FUNCTION = YES;
				GCC_WARN_UNUSED_VARIABLE = YES;
				IPHONEOS_DEPLOYMENT_TARGET = 14.4;
				MTL_ENABLE_DEBUG_INFO = INCLUDE_SOURCE;
				MTL_FAST_MATH = YES;
				ONLY_ACTIVE_ARCH = YES;
				SDKROOT = iphoneos;
				SWIFT_ACTIVE_COMPILATION_CONDITIONS = DEBUG;
				SWIFT_OPTIMIZATION_LEVEL = "-Onone";
			};
			name = Debug;
		};
		B4DB0DC726028CBC003D2C54 /* Release */ = {
			isa = XCBuildConfiguration;
			buildSettings = {
				ALWAYS_SEARCH_USER_PATHS = NO;
				CLANG_ANALYZER_NONNULL = YES;
				CLANG_ANALYZER_NUMBER_OBJECT_CONVERSION = YES_AGGRESSIVE;
				CLANG_CXX_LANGUAGE_STANDARD = "gnu++14";
				CLANG_CXX_LIBRARY = "libc++";
				CLANG_ENABLE_MODULES = YES;
				CLANG_ENABLE_OBJC_ARC = YES;
				CLANG_ENABLE_OBJC_WEAK = YES;
				CLANG_WARN_BLOCK_CAPTURE_AUTORELEASING = YES;
				CLANG_WARN_BOOL_CONVERSION = YES;
				CLANG_WARN_COMMA = YES;
				CLANG_WARN_CONSTANT_CONVERSION = YES;
				CLANG_WARN_DEPRECATED_OBJC_IMPLEMENTATIONS = YES;
				CLANG_WARN_DIRECT_OBJC_ISA_USAGE = YES_ERROR;
				CLANG_WARN_DOCUMENTATION_COMMENTS = YES;
				CLANG_WARN_EMPTY_BODY = YES;
				CLANG_WARN_ENUM_CONVERSION = YES;
				CLANG_WARN_INFINITE_RECURSION = YES;
				CLANG_WARN_INT_CONVERSION = YES;
				CLANG_WARN_NON_LITERAL_NULL_CONVERSION = YES;
				CLANG_WARN_OBJC_IMPLICIT_RETAIN_SELF = YES;
				CLANG_WARN_OBJC_LITERAL_CONVERSION = YES;
				CLANG_WARN_OBJC_ROOT_CLASS = YES_ERROR;
				CLANG_WARN_QUOTED_INCLUDE_IN_FRAMEWORK_HEADER = YES;
				CLANG_WARN_RANGE_LOOP_ANALYSIS = YES;
				CLANG_WARN_STRICT_PROTOTYPES = YES;
				CLANG_WARN_SUSPICIOUS_MOVE = YES;
				CLANG_WARN_UNGUARDED_AVAILABILITY = YES_AGGRESSIVE;
				CLANG_WARN_UNREACHABLE_CODE = YES;
				CLANG_WARN__DUPLICATE_METHOD_MATCH = YES;
				COPY_PHASE_STRIP = NO;
				DEBUG_INFORMATION_FORMAT = "dwarf-with-dsym";
				ENABLE_NS_ASSERTIONS = NO;
				ENABLE_STRICT_OBJC_MSGSEND = YES;
				GCC_C_LANGUAGE_STANDARD = gnu11;
				GCC_NO_COMMON_BLOCKS = YES;
				GCC_WARN_64_TO_32_BIT_CONVERSION = YES;
				GCC_WARN_ABOUT_RETURN_TYPE = YES_ERROR;
				GCC_WARN_UNDECLARED_SELECTOR = YES;
				GCC_WARN_UNINITIALIZED_AUTOS = YES_AGGRESSIVE;
				GCC_WARN_UNUSED_FUNCTION = YES;
				GCC_WARN_UNUSED_VARIABLE = YES;
				IPHONEOS_DEPLOYMENT_TARGET = 14.4;
				MTL_ENABLE_DEBUG_INFO = NO;
				MTL_FAST_MATH = YES;
				SDKROOT = iphoneos;
				SWIFT_COMPILATION_MODE = wholemodule;
				SWIFT_OPTIMIZATION_LEVEL = "-O";
				VALIDATE_PRODUCT = YES;
			};
			name = Release;
		};
		B4DB0DC926028CBC003D2C54 /* Debug */ = {
			isa = XCBuildConfiguration;
			baseConfigurationReference = 2216D7B682DCFCBE94B20FA9 /* Pods-BilliardsUSA.debug.xcconfig */;
			buildSettings = {
				ASSETCATALOG_COMPILER_APPICON_NAME = AppIcon;
				ASSETCATALOG_COMPILER_GLOBAL_ACCENT_COLOR_NAME = AccentColor;
				CODE_SIGN_STYLE = Automatic;
				INFOPLIST_FILE = BilliardsUSA/Info.plist;
				LD_RUNPATH_SEARCH_PATHS = (
					"$(inherited)",
					"@executable_path/Frameworks",
				);
				PRODUCT_BUNDLE_IDENTIFIER = com.tommybartocci.BilliardsUSA;
				PRODUCT_NAME = "$(TARGET_NAME)";
				SWIFT_VERSION = 5.0;
				TARGETED_DEVICE_FAMILY = "1,2";
			};
			name = Debug;
		};
		B4DB0DCA26028CBC003D2C54 /* Release */ = {
			isa = XCBuildConfiguration;
			baseConfigurationReference = DED7FEA2ABA45CD7485C997D /* Pods-BilliardsUSA.release.xcconfig */;
			buildSettings = {
				ASSETCATALOG_COMPILER_APPICON_NAME = AppIcon;
				ASSETCATALOG_COMPILER_GLOBAL_ACCENT_COLOR_NAME = AccentColor;
				CODE_SIGN_STYLE = Automatic;
				INFOPLIST_FILE = BilliardsUSA/Info.plist;
				LD_RUNPATH_SEARCH_PATHS = (
					"$(inherited)",
					"@executable_path/Frameworks",
				);
				PRODUCT_BUNDLE_IDENTIFIER = com.tommybartocci.BilliardsUSA;
				PRODUCT_NAME = "$(TARGET_NAME)";
				SWIFT_VERSION = 5.0;
				TARGETED_DEVICE_FAMILY = "1,2";
			};
			name = Release;
		};
		B4DB0DCC26028CBC003D2C54 /* Debug */ = {
			isa = XCBuildConfiguration;
			baseConfigurationReference = C9543A6E0AA7F7FFCB9B8169 /* Pods-BilliardsUSATests.debug.xcconfig */;
			buildSettings = {
				ALWAYS_EMBED_SWIFT_STANDARD_LIBRARIES = YES;
				BUNDLE_LOADER = "$(TEST_HOST)";
				CODE_SIGN_STYLE = Automatic;
				INFOPLIST_FILE = BilliardsUSATests/Info.plist;
				IPHONEOS_DEPLOYMENT_TARGET = 14.4;
				LD_RUNPATH_SEARCH_PATHS = (
					"$(inherited)",
					"@executable_path/Frameworks",
					"@loader_path/Frameworks",
				);
				PRODUCT_BUNDLE_IDENTIFIER = com.tommybartocci.BilliardsUSATests;
				PRODUCT_NAME = "$(TARGET_NAME)";
				SWIFT_VERSION = 5.0;
				TARGETED_DEVICE_FAMILY = "1,2";
				TEST_HOST = "$(BUILT_PRODUCTS_DIR)/BilliardsUSA.app/BilliardsUSA";
			};
			name = Debug;
		};
		B4DB0DCD26028CBC003D2C54 /* Release */ = {
			isa = XCBuildConfiguration;
			baseConfigurationReference = 5CC3BA25F9B0FC02918AB4DE /* Pods-BilliardsUSATests.release.xcconfig */;
			buildSettings = {
				ALWAYS_EMBED_SWIFT_STANDARD_LIBRARIES = YES;
				BUNDLE_LOADER = "$(TEST_HOST)";
				CODE_SIGN_STYLE = Automatic;
				INFOPLIST_FILE = BilliardsUSATests/Info.plist;
				IPHONEOS_DEPLOYMENT_TARGET = 14.4;
				LD_RUNPATH_SEARCH_PATHS = (
					"$(inherited)",
					"@executable_path/Frameworks",
					"@loader_path/Frameworks",
				);
				PRODUCT_BUNDLE_IDENTIFIER = com.tommybartocci.BilliardsUSATests;
				PRODUCT_NAME = "$(TARGET_NAME)";
				SWIFT_VERSION = 5.0;
				TARGETED_DEVICE_FAMILY = "1,2";
				TEST_HOST = "$(BUILT_PRODUCTS_DIR)/BilliardsUSA.app/BilliardsUSA";
			};
			name = Release;
		};
		B4DB0DCF26028CBC003D2C54 /* Debug */ = {
			isa = XCBuildConfiguration;
			baseConfigurationReference = 98F3684FECEEF2BE1EBF8412 /* Pods-BilliardsUSA-BilliardsUSAUITests.debug.xcconfig */;
			buildSettings = {
				ALWAYS_EMBED_SWIFT_STANDARD_LIBRARIES = YES;
				CODE_SIGN_STYLE = Automatic;
				INFOPLIST_FILE = BilliardsUSAUITests/Info.plist;
				LD_RUNPATH_SEARCH_PATHS = (
					"$(inherited)",
					"@executable_path/Frameworks",
					"@loader_path/Frameworks",
				);
				PRODUCT_BUNDLE_IDENTIFIER = com.tommybartocci.BilliardsUSAUITests;
				PRODUCT_NAME = "$(TARGET_NAME)";
				SWIFT_VERSION = 5.0;
				TARGETED_DEVICE_FAMILY = "1,2";
				TEST_TARGET_NAME = BilliardsUSA;
			};
			name = Debug;
		};
		B4DB0DD026028CBC003D2C54 /* Release */ = {
			isa = XCBuildConfiguration;
			baseConfigurationReference = 2859BE421D8A8C77EF52E5C8 /* Pods-BilliardsUSA-BilliardsUSAUITests.release.xcconfig */;
			buildSettings = {
				ALWAYS_EMBED_SWIFT_STANDARD_LIBRARIES = YES;
				CODE_SIGN_STYLE = Automatic;
				INFOPLIST_FILE = BilliardsUSAUITests/Info.plist;
				LD_RUNPATH_SEARCH_PATHS = (
					"$(inherited)",
					"@executable_path/Frameworks",
					"@loader_path/Frameworks",
				);
				PRODUCT_BUNDLE_IDENTIFIER = com.tommybartocci.BilliardsUSAUITests;
				PRODUCT_NAME = "$(TARGET_NAME)";
				SWIFT_VERSION = 5.0;
				TARGETED_DEVICE_FAMILY = "1,2";
				TEST_TARGET_NAME = BilliardsUSA;
			};
			name = Release;
		};
/* End XCBuildConfiguration section */

/* Begin XCConfigurationList section */
		B4DB0D9626028CBB003D2C54 /* Build configuration list for PBXProject "BilliardsUSA" */ = {
			isa = XCConfigurationList;
			buildConfigurations = (
				B4DB0DC626028CBC003D2C54 /* Debug */,
				B4DB0DC726028CBC003D2C54 /* Release */,
			);
			defaultConfigurationIsVisible = 0;
			defaultConfigurationName = Release;
		};
		B4DB0DC826028CBC003D2C54 /* Build configuration list for PBXNativeTarget "BilliardsUSA" */ = {
			isa = XCConfigurationList;
			buildConfigurations = (
				B4DB0DC926028CBC003D2C54 /* Debug */,
				B4DB0DCA26028CBC003D2C54 /* Release */,
			);
			defaultConfigurationIsVisible = 0;
			defaultConfigurationName = Release;
		};
		B4DB0DCB26028CBC003D2C54 /* Build configuration list for PBXNativeTarget "BilliardsUSATests" */ = {
			isa = XCConfigurationList;
			buildConfigurations = (
				B4DB0DCC26028CBC003D2C54 /* Debug */,
				B4DB0DCD26028CBC003D2C54 /* Release */,
			);
			defaultConfigurationIsVisible = 0;
			defaultConfigurationName = Release;
		};
		B4DB0DCE26028CBC003D2C54 /* Build configuration list for PBXNativeTarget "BilliardsUSAUITests" */ = {
			isa = XCConfigurationList;
			buildConfigurations = (
				B4DB0DCF26028CBC003D2C54 /* Debug */,
				B4DB0DD026028CBC003D2C54 /* Release */,
			);
			defaultConfigurationIsVisible = 0;
			defaultConfigurationName = Release;
		};
/* End XCConfigurationList section */

/* Begin XCVersionGroup section */
		B4DB0DA726028CBB003D2C54 /* BilliardsUSA.xcdatamodeld */ = {
			isa = XCVersionGroup;
			children = (
				B4DB0DA826028CBB003D2C54 /* BilliardsUSA.xcdatamodel */,
			);
			currentVersion = B4DB0DA826028CBB003D2C54 /* BilliardsUSA.xcdatamodel */;
			path = BilliardsUSA.xcdatamodeld;
			sourceTree = "<group>";
			versionGroupType = wrapper.xcdatamodel;
		};
/* End XCVersionGroup section */
	};
	rootObject = B4DB0D9326028CBB003D2C54 /* Project object */;
}
